// !$*UTF8*$!
{
	archiveVersion = 1;
	classes = {
	};
	objectVersion = 46;
	objects = {

/* Begin PBXBuildFile section */
		0A4EB8961D1FB432002D77A6 /* linkedList.swift in Sources */ = {isa = PBXBuildFile; fileRef = 0A4EB8951D1FB432002D77A6 /* linkedList.swift */; };
		0AE030021CFFF39B00CCBF2B /* linkedListTest.swift in Sources */ = {isa = PBXBuildFile; fileRef = 0AE030011CFFF39B00CCBF2B /* linkedListTest.swift */; };
/* End PBXBuildFile section */

/* Begin PBXFileReference section */
		0A4EB8951D1FB432002D77A6 /* linkedList.swift */ = {isa = PBXFileReference; fileEncoding = 4; lastKnownFileType = sourcecode.swift; path = linkedList.swift; sourceTree = "<group>"; };
		0AE02FFE1CFFF39B00CCBF2B /* linkedListTest.xctest */ = {isa = PBXFileReference; explicitFileType = wrapper.cfbundle; includeInIndex = 0; path = linkedListTest.xctest; sourceTree = BUILT_PRODUCTS_DIR; };
		0AE030011CFFF39B00CCBF2B /* linkedListTest.swift */ = {isa = PBXFileReference; lastKnownFileType = sourcecode.swift; path = linkedListTest.swift; sourceTree = "<group>"; };
		0AE030031CFFF39B00CCBF2B /* Info.plist */ = {isa = PBXFileReference; lastKnownFileType = text.plist.xml; path = Info.plist; sourceTree = "<group>"; };
/* End PBXFileReference section */

/* Begin PBXFrameworksBuildPhase section */
		0AE02FFB1CFFF39B00CCBF2B /* Frameworks */ = {
			isa = PBXFrameworksBuildPhase;
			buildActionMask = 2147483647;
			files = (
			);
			runOnlyForDeploymentPostprocessing = 0;
		};
/* End PBXFrameworksBuildPhase section */

/* Begin PBXGroup section */
		0AE02FF31CFFF37B00CCBF2B = {
			isa = PBXGroup;
			children = (
				0AE030001CFFF39B00CCBF2B /* linkedListTest */,
				0AE02FFF1CFFF39B00CCBF2B /* Products */,
			);
			sourceTree = "<group>";
		};
		0AE02FFF1CFFF39B00CCBF2B /* Products */ = {
			isa = PBXGroup;
			children = (
				0AE02FFE1CFFF39B00CCBF2B /* linkedListTest.xctest */,
			);
			name = Products;
			sourceTree = "<group>";
		};
		0AE030001CFFF39B00CCBF2B /* linkedListTest */ = {
			isa = PBXGroup;
			children = (
				0AE030011CFFF39B00CCBF2B /* linkedListTest.swift */,
				0AE030031CFFF39B00CCBF2B /* Info.plist */,
				0A4EB8951D1FB432002D77A6 /* linkedList.swift */,
			);
			path = linkedListTest;
			sourceTree = "<group>";
		};
/* End PBXGroup section */

/* Begin PBXNativeTarget section */
		0AE02FFD1CFFF39B00CCBF2B /* linkedListTest */ = {
			isa = PBXNativeTarget;
			buildConfigurationList = 0AE030041CFFF39B00CCBF2B /* Build configuration list for PBXNativeTarget "linkedListTest" */;
			buildPhases = (
				0AE02FFA1CFFF39B00CCBF2B /* Sources */,
				0AE02FFB1CFFF39B00CCBF2B /* Frameworks */,
				0AE02FFC1CFFF39B00CCBF2B /* Resources */,
			);
			buildRules = (
			);
			dependencies = (
			);
			name = linkedListTest;
			productName = linkedListTest;
			productReference = 0AE02FFE1CFFF39B00CCBF2B /* linkedListTest.xctest */;
			productType = "com.apple.product-type.bundle.unit-test";
		};
/* End PBXNativeTarget section */

/* Begin PBXProject section */
		0AE02FF41CFFF37B00CCBF2B /* Project object */ = {
			isa = PBXProject;
			attributes = {
				LastSwiftUpdateCheck = 0730;
				LastUpgradeCheck = 0730;
				TargetAttributes = {
					0AE02FFD1CFFF39B00CCBF2B = {
						CreatedOnToolsVersion = 7.3.1;
					};
				};
			};
			buildConfigurationList = 0AE02FF71CFFF37B00CCBF2B /* Build configuration list for PBXProject "linkedList" */;
			compatibilityVersion = "Xcode 3.2";
			developmentRegion = English;
			hasScannedForEncodings = 0;
			knownRegions = (
				en,
			);
			mainGroup = 0AE02FF31CFFF37B00CCBF2B;
			productRefGroup = 0AE02FFF1CFFF39B00CCBF2B /* Products */;
			projectDirPath = "";
			projectRoot = "";
			targets = (
				0AE02FFD1CFFF39B00CCBF2B /* linkedListTest */,
			);
		};
/* End PBXProject section */

/* Begin PBXResourcesBuildPhase section */
		0AE02FFC1CFFF39B00CCBF2B /* Resources */ = {
			isa = PBXResourcesBuildPhase;
			buildActionMask = 2147483647;
			files = (
			);
			runOnlyForDeploymentPostprocessing = 0;
		};
/* End PBXResourcesBuildPhase section */

/* Begin PBXSourcesBuildPhase section */
		0AE02FFA1CFFF39B00CCBF2B /* Sources */ = {
			isa = PBXSourcesBuildPhase;
			buildActionMask = 2147483647;
			files = (
				0A4EB8961D1FB432002D77A6 /* linkedList.swift in Sources */,
				0AE030021CFFF39B00CCBF2B /* linkedListTest.swift in Sources */,
			);
			runOnlyForDeploymentPostprocessing = 0;
		};
/* End PBXSourcesBuildPhase section */

/* Begin XCBuildConfiguration section */
		0AE02FF81CFFF37B00CCBF2B /* Debug */ = {
			isa = XCBuildConfiguration;
			buildSettings = {
			};
			name = Debug;
		};
		0AE02FF91CFFF37B00CCBF2B /* Release */ = {
			isa = XCBuildConfiguration;
			buildSettings = {
			};
			name = Release;
		};
		0AE030051CFFF39B00CCBF2B /* Debug */ = {
			isa = XCBuildConfiguration;
			buildSettings = {
				ALWAYS_SEARCH_USER_PATHS = NO;
				CLANG_ANALYZER_NONNULL = YES;
				CLANG_CXX_LANGUAGE_STANDARD = "gnu++0x";
				CLANG_CXX_LIBRARY = "libc++";
				CLANG_ENABLE_MODULES = YES;
				CLANG_ENABLE_OBJC_ARC = YES;
				CLANG_WARN_BOOL_CONVERSION = YES;
				CLANG_WARN_CONSTANT_CONVERSION = YES;
				CLANG_WARN_DIRECT_OBJC_ISA_USAGE = YES_ERROR;
				CLANG_WARN_EMPTY_BODY = YES;
				CLANG_WARN_ENUM_CONVERSION = YES;
				CLANG_WARN_INT_CONVERSION = YES;
				CLANG_WARN_OBJC_ROOT_CLASS = YES_ERROR;
				CLANG_WARN_UNREACHABLE_CODE = YES;
				CLANG_WARN__DUPLICATE_METHOD_MATCH = YES;
				CODE_SIGN_IDENTITY = "-";
				COMBINE_HIDPI_IMAGES = YES;
				COPY_PHASE_STRIP = NO;
				DEBUG_INFORMATION_FORMAT = dwarf;
				ENABLE_STRICT_OBJC_MSGSEND = YES;
				ENABLE_TESTABILITY = YES;
				GCC_C_LANGUAGE_STANDARD = gnu99;
				GCC_DYNAMIC_NO_PIC = NO;
				GCC_NO_COMMON_BLOCKS = YES;
				GCC_OPTIMIZATION_LEVEL = 0;
				GCC_PREPROCESSOR_DEFINITIONS = (
					"DEBUG=1",
					"$(inherited)",
				);
				GCC_WARN_64_TO_32_BIT_CONVERSION = YES;
				GCC_WARN_ABOUT_RETURN_TYPE = YES_ERROR;
				GCC_WARN_UNDECLARED_SELECTOR = YES;
				GCC_WARN_UNINITIALIZED_AUTOS = YES_AGGRESSIVE;
				GCC_WARN_UNUSED_FUNCTION = YES;
				GCC_WARN_UNUSED_VARIABLE = YES;
				INFOPLIST_FILE = linkedListTest/Info.plist;
				LD_RUNPATH_SEARCH_PATHS = "$(inherited) @executable_path/../Frameworks @loader_path/../Frameworks";
				MACOSX_DEPLOYMENT_TARGET = 10.11;
				MTL_ENABLE_DEBUG_INFO = YES;
				ONLY_ACTIVE_ARCH = YES;
				PRODUCT_BUNDLE_IDENTIFIER = io.kmcg.linkedListTest;
				PRODUCT_NAME = "$(TARGET_NAME)";
				SDKROOT = macosx;
				SWIFT_OPTIMIZATION_LEVEL = "-Onone";
			};
			name = Debug;
		};
		0AE030061CFFF39B00CCBF2B /* Release */ = {
			isa = XCBuildConfiguration;
			buildSettings = {
				ALWAYS_SEARCH_USER_PATHS = NO;
				CLANG_ANALYZER_NONNULL = YES;
				CLANG_CXX_LANGUAGE_STANDARD = "gnu++0x";
				CLANG_CXX_LIBRARY = "libc++";
				CLANG_ENABLE_MODULES = YES;
				CLANG_ENABLE_OBJC_ARC = YES;
				CLANG_WARN_BOOL_CONVERSION = YES;
				CLANG_WARN_CONSTANT_CONVERSION = YES;
				CLANG_WARN_DIRECT_OBJC_ISA_USAGE = YES_ERROR;
				CLANG_WARN_EMPTY_BODY = YES;
				CLANG_WARN_ENUM_CONVERSION = YES;
				CLANG_WARN_INT_CONVERSION = YES;
				CLANG_WARN_OBJC_ROOT_CLASS = YES_ERROR;
				CLANG_WARN_UNREACHABLE_CODE = YES;
				CLANG_WARN__DUPLICATE_METHOD_MATCH = YES;
				CODE_SIGN_IDENTITY = "-";
				COMBINE_HIDPI_IMAGES = YES;
				COPY_PHASE_STRIP = NO;
				DEBUG_INFORMATION_FORMAT = "dwarf-with-dsym";
				ENABLE_NS_ASSERTIONS = NO;
				ENABLE_STRICT_OBJC_MSGSEND = YES;
				GCC_C_LANGUAGE_STANDARD = gnu99;
				GCC_NO_COMMON_BLOCKS = YES;
				GCC_WARN_64_TO_32_BIT_CONVERSION = YES;
				GCC_WARN_ABOUT_RETURN_TYPE = YES_ERROR;
				GCC_WARN_UNDECLARED_SELECTOR = YES;
				GCC_WARN_UNINITIALIZED_AUTOS = YES_AGGRESSIVE;
				GCC_WARN_UNUSED_FUNCTION = YES;
				GCC_WARN_UNUSED_VARIABLE = YES;
				INFOPLIST_FILE = linkedListTest/Info.plist;
				LD_RUNPATH_SEARCH_PATHS = "$(inherited) @executable_path/../Frameworks @loader_path/../Frameworks";
				MACOSX_DEPLOYMENT_TARGET = 10.11;
				MTL_ENABLE_DEBUG_INFO = NO;
				PRODUCT_BUNDLE_IDENTIFIER = io.kmcg.linkedListTest;
				PRODUCT_NAME = "$(TARGET_NAME)";
				SDKROOT = macosx;
			};
			name = Release;
		};
/* End XCBuildConfiguration section */

/* Begin XCConfigurationList section */
		0AE02FF71CFFF37B00CCBF2B /* Build configuration list for PBXProject "linkedList" */ = {
			isa = XCConfigurationList;
			buildConfigurations = (
				0AE02FF81CFFF37B00CCBF2B /* Debug */,
				0AE02FF91CFFF37B00CCBF2B /* Release */,
			);
			defaultConfigurationIsVisible = 0;
			defaultConfigurationName = Release;
		};
		0AE030041CFFF39B00CCBF2B /* Build configuration list for PBXNativeTarget "linkedListTest" */ = {
			isa = XCConfigurationList;
			buildConfigurations = (
				0AE030051CFFF39B00CCBF2B /* Debug */,
				0AE030061CFFF39B00CCBF2B /* Release */,
			);
			defaultConfigurationIsVisible = 0;
			defaultConfigurationName = Release;
		};
/* End XCConfigurationList section */
	};
	rootObject = 0AE02FF41CFFF37B00CCBF2B /* Project object */;
}
